PODS:
  - iOSDFULibrary (4.11.1):
    - ZIPFoundation (= 0.9.11)
  - MetaWear (4.1.0):
    - MetaWear/Core (= 4.1.0)
  - MetaWear/Core (4.1.0)
  - MetaWear/DFU (4.1.0):
    - iOSDFULibrary
    - MetaWear/Core
  - ZIPFoundation (0.9.11)

DEPENDENCIES:
  - MetaWear (from `../`)
  - MetaWear/DFU (from `../`)

SPEC REPOS:
  trunk:
    - iOSDFULibrary
    - ZIPFoundation

EXTERNAL SOURCES:
  MetaWear:
    :path: "../"

SPEC CHECKSUMS:
  iOSDFULibrary: 3500ac00451aa7d8ec48a752e91099669a2c1d27
  MetaWear: a6503af3778901241313ef57315a6a8567bda7db
  ZIPFoundation: b1f0de4eed33e74a676f76e12559ab6b75990197

PODFILE CHECKSUM: 721f6c77eb12586cbf53ea746d2d372775e2efbc

COCOAPODS: 1.11.2
